// !$*UTF8*$!
{
	archiveVersion = 1;
	classes = {
	};
	objectVersion = 56;
	objects = {

/* Begin PBXBuildFile section */
		311A57562C86D94A0040AA9A /* StubetApp.swift in Sources */ = {isa = PBXBuildFile; fileRef = 311A57552C86D94A0040AA9A /* StubetApp.swift */; };
		311A57582C86D94A0040AA9A /* ContentView.swift in Sources */ = {isa = PBXBuildFile; fileRef = 311A57572C86D94A0040AA9A /* ContentView.swift */; };
		311A575A2C86D94D0040AA9A /* Assets.xcassets in Resources */ = {isa = PBXBuildFile; fileRef = 311A57592C86D94D0040AA9A /* Assets.xcassets */; };
		311A575D2C86D94D0040AA9A /* Preview Assets.xcassets in Resources */ = {isa = PBXBuildFile; fileRef = 311A575C2C86D94D0040AA9A /* Preview Assets.xcassets */; };
		311A575F2C86D94D0040AA9A /* Persistence.swift in Sources */ = {isa = PBXBuildFile; fileRef = 311A575E2C86D94D0040AA9A /* Persistence.swift */; };
		311A57622C86D94D0040AA9A /* Stubet.xcdatamodeld in Sources */ = {isa = PBXBuildFile; fileRef = 311A57602C86D94D0040AA9A /* Stubet.xcdatamodeld */; };
		311A576C2C86D94D0040AA9A /* StubetTests.swift in Sources */ = {isa = PBXBuildFile; fileRef = 311A576B2C86D94D0040AA9A /* StubetTests.swift */; };
		311A57762C86D94D0040AA9A /* StubetUITests.swift in Sources */ = {isa = PBXBuildFile; fileRef = 311A57752C86D94D0040AA9A /* StubetUITests.swift */; };
		311A57782C86D94D0040AA9A /* StubetUITestsLaunchTests.swift in Sources */ = {isa = PBXBuildFile; fileRef = 311A57772C86D94D0040AA9A /* StubetUITestsLaunchTests.swift */; };
		311A57872C86E6080040AA9A /* HomeView.swift in Sources */ = {isa = PBXBuildFile; fileRef = 311A57862C86E6080040AA9A /* HomeView.swift */; };
		317580F62C86FF3600DD5B13 /* MissionModel.swift in Sources */ = {isa = PBXBuildFile; fileRef = 317580F52C86FF3600DD5B13 /* MissionModel.swift */; };
		317580F82C8700E600DD5B13 /* BetModel.swift in Sources */ = {isa = PBXBuildFile; fileRef = 317580F72C8700E600DD5B13 /* BetModel.swift */; };
		317580FA2C87014400DD5B13 /* HomeViewModel.swift in Sources */ = {isa = PBXBuildFile; fileRef = 317580F92C87014400DD5B13 /* HomeViewModel.swift */; };
		317580FC2C8701AC00DD5B13 /* MissionRowView.swift in Sources */ = {isa = PBXBuildFile; fileRef = 317580FB2C8701AC00DD5B13 /* MissionRowView.swift */; };
		317580FE2C8701C600DD5B13 /* BetRowView.swift in Sources */ = {isa = PBXBuildFile; fileRef = 317580FD2C8701C600DD5B13 /* BetRowView.swift */; };
		317581012C87313900DD5B13 /* GoogleService-Info.plist in Resources */ = {isa = PBXBuildFile; fileRef = 317581002C87313900DD5B13 /* GoogleService-Info.plist */; };
		317581042C8737DA00DD5B13 /* FirebaseAnalytics in Frameworks */ = {isa = PBXBuildFile; productRef = 317581032C8737DA00DD5B13 /* FirebaseAnalytics */; };
		317581062C8739A700DD5B13 /* FirebaseAuth in Frameworks */ = {isa = PBXBuildFile; productRef = 317581052C8739A700DD5B13 /* FirebaseAuth */; };
		317581082C8739A700DD5B13 /* FirebaseFirestore in Frameworks */ = {isa = PBXBuildFile; productRef = 317581072C8739A700DD5B13 /* FirebaseFirestore */; };
		3175810A2C880B9300DD5B13 /* NewBetView.swift in Sources */ = {isa = PBXBuildFile; fileRef = 317581092C880B9300DD5B13 /* NewBetView.swift */; };
		3175810C2C88146500DD5B13 /* UserModel.swift in Sources */ = {isa = PBXBuildFile; fileRef = 3175810B2C88146500DD5B13 /* UserModel.swift */; };
		3175810E2C8816C900DD5B13 /* FriendModel.swift in Sources */ = {isa = PBXBuildFile; fileRef = 3175810D2C8816C900DD5B13 /* FriendModel.swift */; };
		317581102C88195D00DD5B13 /* LocationModel.swift in Sources */ = {isa = PBXBuildFile; fileRef = 3175810F2C88195D00DD5B13 /* LocationModel.swift */; };
		317581122C89589D00DD5B13 /* BetDetailsView.swift in Sources */ = {isa = PBXBuildFile; fileRef = 317581112C89589D00DD5B13 /* BetDetailsView.swift */; };
		317581142C89642E00DD5B13 /* MissionDetailsView.swift in Sources */ = {isa = PBXBuildFile; fileRef = 317581132C89642E00DD5B13 /* MissionDetailsView.swift */; };
		317581162C896A7700DD5B13 /* SharedBetViewModel.swift in Sources */ = {isa = PBXBuildFile; fileRef = 317581152C896A7700DD5B13 /* SharedBetViewModel.swift */; };
		317581182C896B2A00DD5B13 /* TimeSettingView.swift in Sources */ = {isa = PBXBuildFile; fileRef = 317581172C896B2A00DD5B13 /* TimeSettingView.swift */; };
		4C771D8F2C8809D000543A57 /* LoginView.swift in Sources */ = {isa = PBXBuildFile; fileRef = 4C771D8E2C8809D000543A57 /* LoginView.swift */; };
		4C771D912C880FB900543A57 /* LoginViewModel.swift in Sources */ = {isa = PBXBuildFile; fileRef = 4C771D902C880FB900543A57 /* LoginViewModel.swift */; };
		4CEB9A8B2C8952690061921E /* SignupViewModel.swift in Sources */ = {isa = PBXBuildFile; fileRef = 4CEB9A8A2C8952690061921E /* SignupViewModel.swift */; };
		4CEB9A8D2C8952930061921E /* SignupView.swift in Sources */ = {isa = PBXBuildFile; fileRef = 4CEB9A8C2C8952930061921E /* SignupView.swift */; };
		67EF59F02C8987A60009757A /* TimeSettingViewModel.swift in Sources */ = {isa = PBXBuildFile; fileRef = 67EF59EF2C8987A60009757A /* TimeSettingViewModel.swift */; };
		67EF59F22C8994010009757A /* LocationSettingView.swift in Sources */ = {isa = PBXBuildFile; fileRef = 67EF59F12C8994010009757A /* LocationSettingView.swift */; };
/* End PBXBuildFile section */

/* Begin PBXContainerItemProxy section */
		311A57682C86D94D0040AA9A /* PBXContainerItemProxy */ = {
			isa = PBXContainerItemProxy;
			containerPortal = 311A574A2C86D94A0040AA9A /* Project object */;
			proxyType = 1;
			remoteGlobalIDString = 311A57512C86D94A0040AA9A;
			remoteInfo = Stubet;
		};
		311A57722C86D94D0040AA9A /* PBXContainerItemProxy */ = {
			isa = PBXContainerItemProxy;
			containerPortal = 311A574A2C86D94A0040AA9A /* Project object */;
			proxyType = 1;
			remoteGlobalIDString = 311A57512C86D94A0040AA9A;
			remoteInfo = Stubet;
		};
/* End PBXContainerItemProxy section */

/* Begin PBXFileReference section */
		311A57522C86D94A0040AA9A /* Stubet.app */ = {isa = PBXFileReference; explicitFileType = wrapper.application; includeInIndex = 0; path = Stubet.app; sourceTree = BUILT_PRODUCTS_DIR; };
		311A57552C86D94A0040AA9A /* StubetApp.swift */ = {isa = PBXFileReference; lastKnownFileType = sourcecode.swift; path = StubetApp.swift; sourceTree = "<group>"; };
		311A57572C86D94A0040AA9A /* ContentView.swift */ = {isa = PBXFileReference; lastKnownFileType = sourcecode.swift; path = ContentView.swift; sourceTree = "<group>"; };
		311A57592C86D94D0040AA9A /* Assets.xcassets */ = {isa = PBXFileReference; lastKnownFileType = folder.assetcatalog; path = Assets.xcassets; sourceTree = "<group>"; };
		311A575C2C86D94D0040AA9A /* Preview Assets.xcassets */ = {isa = PBXFileReference; lastKnownFileType = folder.assetcatalog; path = "Preview Assets.xcassets"; sourceTree = "<group>"; };
		311A575E2C86D94D0040AA9A /* Persistence.swift */ = {isa = PBXFileReference; lastKnownFileType = sourcecode.swift; path = Persistence.swift; sourceTree = "<group>"; };
		311A57612C86D94D0040AA9A /* Stubet.xcdatamodel */ = {isa = PBXFileReference; lastKnownFileType = wrapper.xcdatamodel; path = Stubet.xcdatamodel; sourceTree = "<group>"; };
		311A57672C86D94D0040AA9A /* StubetTests.xctest */ = {isa = PBXFileReference; explicitFileType = wrapper.cfbundle; includeInIndex = 0; path = StubetTests.xctest; sourceTree = BUILT_PRODUCTS_DIR; };
		311A576B2C86D94D0040AA9A /* StubetTests.swift */ = {isa = PBXFileReference; lastKnownFileType = sourcecode.swift; path = StubetTests.swift; sourceTree = "<group>"; };
		311A57712C86D94D0040AA9A /* StubetUITests.xctest */ = {isa = PBXFileReference; explicitFileType = wrapper.cfbundle; includeInIndex = 0; path = StubetUITests.xctest; sourceTree = BUILT_PRODUCTS_DIR; };
		311A57752C86D94D0040AA9A /* StubetUITests.swift */ = {isa = PBXFileReference; lastKnownFileType = sourcecode.swift; path = StubetUITests.swift; sourceTree = "<group>"; };
		311A57772C86D94D0040AA9A /* StubetUITestsLaunchTests.swift */ = {isa = PBXFileReference; lastKnownFileType = sourcecode.swift; path = StubetUITestsLaunchTests.swift; sourceTree = "<group>"; };
		311A57862C86E6080040AA9A /* HomeView.swift */ = {isa = PBXFileReference; lastKnownFileType = sourcecode.swift; path = HomeView.swift; sourceTree = "<group>"; };
		317580F52C86FF3600DD5B13 /* MissionModel.swift */ = {isa = PBXFileReference; lastKnownFileType = sourcecode.swift; path = MissionModel.swift; sourceTree = "<group>"; };
		317580F72C8700E600DD5B13 /* BetModel.swift */ = {isa = PBXFileReference; lastKnownFileType = sourcecode.swift; path = BetModel.swift; sourceTree = "<group>"; };
		317580F92C87014400DD5B13 /* HomeViewModel.swift */ = {isa = PBXFileReference; lastKnownFileType = sourcecode.swift; path = HomeViewModel.swift; sourceTree = "<group>"; };
		317580FB2C8701AC00DD5B13 /* MissionRowView.swift */ = {isa = PBXFileReference; lastKnownFileType = sourcecode.swift; path = MissionRowView.swift; sourceTree = "<group>"; };
		317580FD2C8701C600DD5B13 /* BetRowView.swift */ = {isa = PBXFileReference; lastKnownFileType = sourcecode.swift; path = BetRowView.swift; sourceTree = "<group>"; };
		317581002C87313900DD5B13 /* GoogleService-Info.plist */ = {isa = PBXFileReference; fileEncoding = 4; lastKnownFileType = text.plist.xml; path = "GoogleService-Info.plist"; sourceTree = "<group>"; };
		317581092C880B9300DD5B13 /* NewBetView.swift */ = {isa = PBXFileReference; lastKnownFileType = sourcecode.swift; path = NewBetView.swift; sourceTree = "<group>"; };
		3175810B2C88146500DD5B13 /* UserModel.swift */ = {isa = PBXFileReference; lastKnownFileType = sourcecode.swift; path = UserModel.swift; sourceTree = "<group>"; };
		3175810D2C8816C900DD5B13 /* FriendModel.swift */ = {isa = PBXFileReference; lastKnownFileType = sourcecode.swift; path = FriendModel.swift; sourceTree = "<group>"; };
		3175810F2C88195D00DD5B13 /* LocationModel.swift */ = {isa = PBXFileReference; lastKnownFileType = sourcecode.swift; path = LocationModel.swift; sourceTree = "<group>"; };
		317581112C89589D00DD5B13 /* BetDetailsView.swift */ = {isa = PBXFileReference; lastKnownFileType = sourcecode.swift; path = BetDetailsView.swift; sourceTree = "<group>"; };
		317581132C89642E00DD5B13 /* MissionDetailsView.swift */ = {isa = PBXFileReference; lastKnownFileType = sourcecode.swift; path = MissionDetailsView.swift; sourceTree = "<group>"; };
		317581152C896A7700DD5B13 /* SharedBetViewModel.swift */ = {isa = PBXFileReference; lastKnownFileType = sourcecode.swift; path = SharedBetViewModel.swift; sourceTree = "<group>"; };
		317581172C896B2A00DD5B13 /* TimeSettingView.swift */ = {isa = PBXFileReference; lastKnownFileType = sourcecode.swift; path = TimeSettingView.swift; sourceTree = "<group>"; };
		4C771D8E2C8809D000543A57 /* LoginView.swift */ = {isa = PBXFileReference; lastKnownFileType = sourcecode.swift; path = LoginView.swift; sourceTree = "<group>"; };
		4C771D902C880FB900543A57 /* LoginViewModel.swift */ = {isa = PBXFileReference; lastKnownFileType = sourcecode.swift; path = LoginViewModel.swift; sourceTree = "<group>"; };
		4CEB9A8A2C8952690061921E /* SignupViewModel.swift */ = {isa = PBXFileReference; lastKnownFileType = sourcecode.swift; path = SignupViewModel.swift; sourceTree = "<group>"; };
		4CEB9A8C2C8952930061921E /* SignupView.swift */ = {isa = PBXFileReference; lastKnownFileType = sourcecode.swift; path = SignupView.swift; sourceTree = "<group>"; };
		67EF59EF2C8987A60009757A /* TimeSettingViewModel.swift */ = {isa = PBXFileReference; lastKnownFileType = sourcecode.swift; path = TimeSettingViewModel.swift; sourceTree = "<group>"; };
		67EF59F12C8994010009757A /* LocationSettingView.swift */ = {isa = PBXFileReference; lastKnownFileType = sourcecode.swift; path = LocationSettingView.swift; sourceTree = "<group>"; };
/* End PBXFileReference section */

/* Begin PBXFrameworksBuildPhase section */
		311A574F2C86D94A0040AA9A /* Frameworks */ = {
			isa = PBXFrameworksBuildPhase;
			buildActionMask = 2147483647;
			files = (
				317581042C8737DA00DD5B13 /* FirebaseAnalytics in Frameworks */,
				317581062C8739A700DD5B13 /* FirebaseAuth in Frameworks */,
				317581082C8739A700DD5B13 /* FirebaseFirestore in Frameworks */,
			);
			runOnlyForDeploymentPostprocessing = 0;
		};
		311A57642C86D94D0040AA9A /* Frameworks */ = {
			isa = PBXFrameworksBuildPhase;
			buildActionMask = 2147483647;
			files = (
			);
			runOnlyForDeploymentPostprocessing = 0;
		};
		311A576E2C86D94D0040AA9A /* Frameworks */ = {
			isa = PBXFrameworksBuildPhase;
			buildActionMask = 2147483647;
			files = (
			);
			runOnlyForDeploymentPostprocessing = 0;
		};
/* End PBXFrameworksBuildPhase section */

/* Begin PBXGroup section */
		311A57492C86D94A0040AA9A = {
			isa = PBXGroup;
			children = (
				311A57542C86D94A0040AA9A /* Stubet */,
				311A576A2C86D94D0040AA9A /* StubetTests */,
				311A57742C86D94D0040AA9A /* StubetUITests */,
				311A57532C86D94A0040AA9A /* Products */,
			);
			sourceTree = "<group>";
		};
		311A57532C86D94A0040AA9A /* Products */ = {
			isa = PBXGroup;
			children = (
				311A57522C86D94A0040AA9A /* Stubet.app */,
				311A57672C86D94D0040AA9A /* StubetTests.xctest */,
				311A57712C86D94D0040AA9A /* StubetUITests.xctest */,
			);
			name = Products;
			sourceTree = "<group>";
		};
		311A57542C86D94A0040AA9A /* Stubet */ = {
			isa = PBXGroup;
			children = (
				311A57842C86DFF00040AA9A /* Views */,
				317580F42C86FE8F00DD5B13 /* ViewModels */,
				311A57852C86E0FD0040AA9A /* Models */,
				311A57552C86D94A0040AA9A /* StubetApp.swift */,
				311A57572C86D94A0040AA9A /* ContentView.swift */,
				311A57592C86D94D0040AA9A /* Assets.xcassets */,
				311A575E2C86D94D0040AA9A /* Persistence.swift */,
				311A57602C86D94D0040AA9A /* Stubet.xcdatamodeld */,
				317581002C87313900DD5B13 /* GoogleService-Info.plist */,
				311A575B2C86D94D0040AA9A /* Preview Content */,
			);
			path = Stubet;
			sourceTree = "<group>";
		};
		311A575B2C86D94D0040AA9A /* Preview Content */ = {
			isa = PBXGroup;
			children = (
				311A575C2C86D94D0040AA9A /* Preview Assets.xcassets */,
			);
			path = "Preview Content";
			sourceTree = "<group>";
		};
		311A576A2C86D94D0040AA9A /* StubetTests */ = {
			isa = PBXGroup;
			children = (
				311A576B2C86D94D0040AA9A /* StubetTests.swift */,
			);
			path = StubetTests;
			sourceTree = "<group>";
		};
		311A57742C86D94D0040AA9A /* StubetUITests */ = {
			isa = PBXGroup;
			children = (
				311A57752C86D94D0040AA9A /* StubetUITests.swift */,
				311A57772C86D94D0040AA9A /* StubetUITestsLaunchTests.swift */,
			);
			path = StubetUITests;
			sourceTree = "<group>";
		};
		311A57842C86DFF00040AA9A /* Views */ = {
			isa = PBXGroup;
			children = (
				317580FF2C8701E000DD5B13 /* Common */,
				311A57862C86E6080040AA9A /* HomeView.swift */,
				317581092C880B9300DD5B13 /* NewBetView.swift */,
				4C771D8E2C8809D000543A57 /* LoginView.swift */,
				4CEB9A8C2C8952930061921E /* SignupView.swift */,
				317581112C89589D00DD5B13 /* BetDetailsView.swift */,
				317581132C89642E00DD5B13 /* MissionDetailsView.swift */,
				317581172C896B2A00DD5B13 /* TimeSettingView.swift */,
				67EF59F12C8994010009757A /* LocationSettingView.swift */,
			);
			path = Views;
			sourceTree = "<group>";
		};
		311A57852C86E0FD0040AA9A /* Models */ = {
			isa = PBXGroup;
			children = (
				317580F52C86FF3600DD5B13 /* MissionModel.swift */,
				317580F72C8700E600DD5B13 /* BetModel.swift */,
				3175810B2C88146500DD5B13 /* UserModel.swift */,
				3175810D2C8816C900DD5B13 /* FriendModel.swift */,
				3175810F2C88195D00DD5B13 /* LocationModel.swift */,
			);
			path = Models;
			sourceTree = "<group>";
		};
		317580F42C86FE8F00DD5B13 /* ViewModels */ = {
			isa = PBXGroup;
			children = (
				317580F92C87014400DD5B13 /* HomeViewModel.swift */,
				4C771D902C880FB900543A57 /* LoginViewModel.swift */,
				4CEB9A8A2C8952690061921E /* SignupViewModel.swift */,
				317581152C896A7700DD5B13 /* SharedBetViewModel.swift */,
				67EF59EF2C8987A60009757A /* TimeSettingViewModel.swift */,
			);
			path = ViewModels;
			sourceTree = "<group>";
		};
		317580FF2C8701E000DD5B13 /* Common */ = {
			isa = PBXGroup;
			children = (
				317580FB2C8701AC00DD5B13 /* MissionRowView.swift */,
				317580FD2C8701C600DD5B13 /* BetRowView.swift */,
			);
			path = Common;
			sourceTree = "<group>";
		};
/* End PBXGroup section */

/* Begin PBXNativeTarget section */
		311A57512C86D94A0040AA9A /* Stubet */ = {
			isa = PBXNativeTarget;
			buildConfigurationList = 311A577B2C86D94D0040AA9A /* Build configuration list for PBXNativeTarget "Stubet" */;
			buildPhases = (
				311A574E2C86D94A0040AA9A /* Sources */,
				311A574F2C86D94A0040AA9A /* Frameworks */,
				311A57502C86D94A0040AA9A /* Resources */,
			);
			buildRules = (
			);
			dependencies = (
			);
			name = Stubet;
			packageProductDependencies = (
				317581032C8737DA00DD5B13 /* FirebaseAnalytics */,
				317581052C8739A700DD5B13 /* FirebaseAuth */,
				317581072C8739A700DD5B13 /* FirebaseFirestore */,
			);
			productName = Stubet;
			productReference = 311A57522C86D94A0040AA9A /* Stubet.app */;
			productType = "com.apple.product-type.application";
		};
		311A57662C86D94D0040AA9A /* StubetTests */ = {
			isa = PBXNativeTarget;
			buildConfigurationList = 311A577E2C86D94D0040AA9A /* Build configuration list for PBXNativeTarget "StubetTests" */;
			buildPhases = (
				311A57632C86D94D0040AA9A /* Sources */,
				311A57642C86D94D0040AA9A /* Frameworks */,
				311A57652C86D94D0040AA9A /* Resources */,
			);
			buildRules = (
			);
			dependencies = (
				311A57692C86D94D0040AA9A /* PBXTargetDependency */,
			);
			name = StubetTests;
			productName = StubetTests;
			productReference = 311A57672C86D94D0040AA9A /* StubetTests.xctest */;
			productType = "com.apple.product-type.bundle.unit-test";
		};
		311A57702C86D94D0040AA9A /* StubetUITests */ = {
			isa = PBXNativeTarget;
			buildConfigurationList = 311A57812C86D94D0040AA9A /* Build configuration list for PBXNativeTarget "StubetUITests" */;
			buildPhases = (
				311A576D2C86D94D0040AA9A /* Sources */,
				311A576E2C86D94D0040AA9A /* Frameworks */,
				311A576F2C86D94D0040AA9A /* Resources */,
			);
			buildRules = (
			);
			dependencies = (
				311A57732C86D94D0040AA9A /* PBXTargetDependency */,
			);
			name = StubetUITests;
			productName = StubetUITests;
			productReference = 311A57712C86D94D0040AA9A /* StubetUITests.xctest */;
			productType = "com.apple.product-type.bundle.ui-testing";
		};
/* End PBXNativeTarget section */

/* Begin PBXProject section */
		311A574A2C86D94A0040AA9A /* Project object */ = {
			isa = PBXProject;
			attributes = {
				BuildIndependentTargetsInParallel = 1;
				LastSwiftUpdateCheck = 1540;
				LastUpgradeCheck = 1540;
				TargetAttributes = {
					311A57512C86D94A0040AA9A = {
						CreatedOnToolsVersion = 15.4;
					};
					311A57662C86D94D0040AA9A = {
						CreatedOnToolsVersion = 15.4;
						TestTargetID = 311A57512C86D94A0040AA9A;
					};
					311A57702C86D94D0040AA9A = {
						CreatedOnToolsVersion = 15.4;
						TestTargetID = 311A57512C86D94A0040AA9A;
					};
				};
			};
			buildConfigurationList = 311A574D2C86D94A0040AA9A /* Build configuration list for PBXProject "Stubet" */;
			compatibilityVersion = "Xcode 14.0";
			developmentRegion = en;
			hasScannedForEncodings = 0;
			knownRegions = (
				en,
				Base,
			);
			mainGroup = 311A57492C86D94A0040AA9A;
			packageReferences = (
				317581022C8731D400DD5B13 /* XCRemoteSwiftPackageReference "firebase-ios-sdk" */,
			);
			productRefGroup = 311A57532C86D94A0040AA9A /* Products */;
			projectDirPath = "";
			projectRoot = "";
			targets = (
				311A57512C86D94A0040AA9A /* Stubet */,
				311A57662C86D94D0040AA9A /* StubetTests */,
				311A57702C86D94D0040AA9A /* StubetUITests */,
			);
		};
/* End PBXProject section */

/* Begin PBXResourcesBuildPhase section */
		311A57502C86D94A0040AA9A /* Resources */ = {
			isa = PBXResourcesBuildPhase;
			buildActionMask = 2147483647;
			files = (
				311A575D2C86D94D0040AA9A /* Preview Assets.xcassets in Resources */,
				311A575A2C86D94D0040AA9A /* Assets.xcassets in Resources */,
				317581012C87313900DD5B13 /* GoogleService-Info.plist in Resources */,
			);
			runOnlyForDeploymentPostprocessing = 0;
		};
		311A57652C86D94D0040AA9A /* Resources */ = {
			isa = PBXResourcesBuildPhase;
			buildActionMask = 2147483647;
			files = (
			);
			runOnlyForDeploymentPostprocessing = 0;
		};
		311A576F2C86D94D0040AA9A /* Resources */ = {
			isa = PBXResourcesBuildPhase;
			buildActionMask = 2147483647;
			files = (
			);
			runOnlyForDeploymentPostprocessing = 0;
		};
/* End PBXResourcesBuildPhase section */

/* Begin PBXSourcesBuildPhase section */
		311A574E2C86D94A0040AA9A /* Sources */ = {
			isa = PBXSourcesBuildPhase;
			buildActionMask = 2147483647;
			files = (
				4CEB9A8D2C8952930061921E /* SignupView.swift in Sources */,
				4CEB9A8B2C8952690061921E /* SignupViewModel.swift in Sources */,
				317580FC2C8701AC00DD5B13 /* MissionRowView.swift in Sources */,
				311A575F2C86D94D0040AA9A /* Persistence.swift in Sources */,
				3175810A2C880B9300DD5B13 /* NewBetView.swift in Sources */,
				311A57582C86D94A0040AA9A /* ContentView.swift in Sources */,
				317581182C896B2A00DD5B13 /* TimeSettingView.swift in Sources */,
				317581142C89642E00DD5B13 /* MissionDetailsView.swift in Sources */,
				317580F62C86FF3600DD5B13 /* MissionModel.swift in Sources */,
				67EF59F02C8987A60009757A /* TimeSettingViewModel.swift in Sources */,
				317580FA2C87014400DD5B13 /* HomeViewModel.swift in Sources */,
				311A57622C86D94D0040AA9A /* Stubet.xcdatamodeld in Sources */,
				317581162C896A7700DD5B13 /* SharedBetViewModel.swift in Sources */,
				3175810E2C8816C900DD5B13 /* FriendModel.swift in Sources */,
				311A57872C86E6080040AA9A /* HomeView.swift in Sources */,
				317581122C89589D00DD5B13 /* BetDetailsView.swift in Sources */,
				317580FE2C8701C600DD5B13 /* BetRowView.swift in Sources */,
				4C771D912C880FB900543A57 /* LoginViewModel.swift in Sources */,
				4C771D8F2C8809D000543A57 /* LoginView.swift in Sources */,
				317580F82C8700E600DD5B13 /* BetModel.swift in Sources */,
				3175810C2C88146500DD5B13 /* UserModel.swift in Sources */,
				317581102C88195D00DD5B13 /* LocationModel.swift in Sources */,
				311A57562C86D94A0040AA9A /* StubetApp.swift in Sources */,
				67EF59F22C8994010009757A /* LocationSettingView.swift in Sources */,
			);
			runOnlyForDeploymentPostprocessing = 0;
		};
		311A57632C86D94D0040AA9A /* Sources */ = {
			isa = PBXSourcesBuildPhase;
			buildActionMask = 2147483647;
			files = (
				311A576C2C86D94D0040AA9A /* StubetTests.swift in Sources */,
			);
			runOnlyForDeploymentPostprocessing = 0;
		};
		311A576D2C86D94D0040AA9A /* Sources */ = {
			isa = PBXSourcesBuildPhase;
			buildActionMask = 2147483647;
			files = (
				311A57762C86D94D0040AA9A /* StubetUITests.swift in Sources */,
				311A57782C86D94D0040AA9A /* StubetUITestsLaunchTests.swift in Sources */,
			);
			runOnlyForDeploymentPostprocessing = 0;
		};
/* End PBXSourcesBuildPhase section */

/* Begin PBXTargetDependency section */
		311A57692C86D94D0040AA9A /* PBXTargetDependency */ = {
			isa = PBXTargetDependency;
			target = 311A57512C86D94A0040AA9A /* Stubet */;
			targetProxy = 311A57682C86D94D0040AA9A /* PBXContainerItemProxy */;
		};
		311A57732C86D94D0040AA9A /* PBXTargetDependency */ = {
			isa = PBXTargetDependency;
			target = 311A57512C86D94A0040AA9A /* Stubet */;
			targetProxy = 311A57722C86D94D0040AA9A /* PBXContainerItemProxy */;
		};
/* End PBXTargetDependency section */

/* Begin XCBuildConfiguration section */
		311A57792C86D94D0040AA9A /* Debug */ = {
			isa = XCBuildConfiguration;
			buildSettings = {
				ALWAYS_SEARCH_USER_PATHS = NO;
				ASSETCATALOG_COMPILER_GENERATE_SWIFT_ASSET_SYMBOL_EXTENSIONS = YES;
				CLANG_ANALYZER_NONNULL = YES;
				CLANG_ANALYZER_NUMBER_OBJECT_CONVERSION = YES_AGGRESSIVE;
				CLANG_CXX_LANGUAGE_STANDARD = "gnu++20";
				CLANG_ENABLE_MODULES = YES;
				CLANG_ENABLE_OBJC_ARC = YES;
				CLANG_ENABLE_OBJC_WEAK = YES;
				CLANG_WARN_BLOCK_CAPTURE_AUTORELEASING = YES;
				CLANG_WARN_BOOL_CONVERSION = YES;
				CLANG_WARN_COMMA = YES;
				CLANG_WARN_CONSTANT_CONVERSION = YES;
				CLANG_WARN_DEPRECATED_OBJC_IMPLEMENTATIONS = YES;
				CLANG_WARN_DIRECT_OBJC_ISA_USAGE = YES_ERROR;
				CLANG_WARN_DOCUMENTATION_COMMENTS = YES;
				CLANG_WARN_EMPTY_BODY = YES;
				CLANG_WARN_ENUM_CONVERSION = YES;
				CLANG_WARN_INFINITE_RECURSION = YES;
				CLANG_WARN_INT_CONVERSION = YES;
				CLANG_WARN_NON_LITERAL_NULL_CONVERSION = YES;
				CLANG_WARN_OBJC_IMPLICIT_RETAIN_SELF = YES;
				CLANG_WARN_OBJC_LITERAL_CONVERSION = YES;
				CLANG_WARN_OBJC_ROOT_CLASS = YES_ERROR;
				CLANG_WARN_QUOTED_INCLUDE_IN_FRAMEWORK_HEADER = YES;
				CLANG_WARN_RANGE_LOOP_ANALYSIS = YES;
				CLANG_WARN_STRICT_PROTOTYPES = YES;
				CLANG_WARN_SUSPICIOUS_MOVE = YES;
				CLANG_WARN_UNGUARDED_AVAILABILITY = YES_AGGRESSIVE;
				CLANG_WARN_UNREACHABLE_CODE = YES;
				CLANG_WARN__DUPLICATE_METHOD_MATCH = YES;
				COPY_PHASE_STRIP = NO;
				DEBUG_INFORMATION_FORMAT = dwarf;
				ENABLE_STRICT_OBJC_MSGSEND = YES;
				ENABLE_TESTABILITY = YES;
				ENABLE_USER_SCRIPT_SANDBOXING = YES;
				GCC_C_LANGUAGE_STANDARD = gnu17;
				GCC_DYNAMIC_NO_PIC = NO;
				GCC_NO_COMMON_BLOCKS = YES;
				GCC_OPTIMIZATION_LEVEL = 0;
				GCC_PREPROCESSOR_DEFINITIONS = (
					"DEBUG=1",
					"$(inherited)",
				);
				GCC_WARN_64_TO_32_BIT_CONVERSION = YES;
				GCC_WARN_ABOUT_RETURN_TYPE = YES_ERROR;
				GCC_WARN_UNDECLARED_SELECTOR = YES;
				GCC_WARN_UNINITIALIZED_AUTOS = YES_AGGRESSIVE;
				GCC_WARN_UNUSED_FUNCTION = YES;
				GCC_WARN_UNUSED_VARIABLE = YES;
				IPHONEOS_DEPLOYMENT_TARGET = 17.5;
				LOCALIZATION_PREFERS_STRING_CATALOGS = YES;
				MTL_ENABLE_DEBUG_INFO = INCLUDE_SOURCE;
				MTL_FAST_MATH = YES;
				ONLY_ACTIVE_ARCH = YES;
				SDKROOT = iphoneos;
				SWIFT_ACTIVE_COMPILATION_CONDITIONS = "DEBUG $(inherited)";
				SWIFT_OPTIMIZATION_LEVEL = "-Onone";
			};
			name = Debug;
		};
		311A577A2C86D94D0040AA9A /* Release */ = {
			isa = XCBuildConfiguration;
			buildSettings = {
				ALWAYS_SEARCH_USER_PATHS = NO;
				ASSETCATALOG_COMPILER_GENERATE_SWIFT_ASSET_SYMBOL_EXTENSIONS = YES;
				CLANG_ANALYZER_NONNULL = YES;
				CLANG_ANALYZER_NUMBER_OBJECT_CONVERSION = YES_AGGRESSIVE;
				CLANG_CXX_LANGUAGE_STANDARD = "gnu++20";
				CLANG_ENABLE_MODULES = YES;
				CLANG_ENABLE_OBJC_ARC = YES;
				CLANG_ENABLE_OBJC_WEAK = YES;
				CLANG_WARN_BLOCK_CAPTURE_AUTORELEASING = YES;
				CLANG_WARN_BOOL_CONVERSION = YES;
				CLANG_WARN_COMMA = YES;
				CLANG_WARN_CONSTANT_CONVERSION = YES;
				CLANG_WARN_DEPRECATED_OBJC_IMPLEMENTATIONS = YES;
				CLANG_WARN_DIRECT_OBJC_ISA_USAGE = YES_ERROR;
				CLANG_WARN_DOCUMENTATION_COMMENTS = YES;
				CLANG_WARN_EMPTY_BODY = YES;
				CLANG_WARN_ENUM_CONVERSION = YES;
				CLANG_WARN_INFINITE_RECURSION = YES;
				CLANG_WARN_INT_CONVERSION = YES;
				CLANG_WARN_NON_LITERAL_NULL_CONVERSION = YES;
				CLANG_WARN_OBJC_IMPLICIT_RETAIN_SELF = YES;
				CLANG_WARN_OBJC_LITERAL_CONVERSION = YES;
				CLANG_WARN_OBJC_ROOT_CLASS = YES_ERROR;
				CLANG_WARN_QUOTED_INCLUDE_IN_FRAMEWORK_HEADER = YES;
				CLANG_WARN_RANGE_LOOP_ANALYSIS = YES;
				CLANG_WARN_STRICT_PROTOTYPES = YES;
				CLANG_WARN_SUSPICIOUS_MOVE = YES;
				CLANG_WARN_UNGUARDED_AVAILABILITY = YES_AGGRESSIVE;
				CLANG_WARN_UNREACHABLE_CODE = YES;
				CLANG_WARN__DUPLICATE_METHOD_MATCH = YES;
				COPY_PHASE_STRIP = NO;
				DEBUG_INFORMATION_FORMAT = "dwarf-with-dsym";
				ENABLE_NS_ASSERTIONS = NO;
				ENABLE_STRICT_OBJC_MSGSEND = YES;
				ENABLE_USER_SCRIPT_SANDBOXING = YES;
				GCC_C_LANGUAGE_STANDARD = gnu17;
				GCC_NO_COMMON_BLOCKS = YES;
				GCC_WARN_64_TO_32_BIT_CONVERSION = YES;
				GCC_WARN_ABOUT_RETURN_TYPE = YES_ERROR;
				GCC_WARN_UNDECLARED_SELECTOR = YES;
				GCC_WARN_UNINITIALIZED_AUTOS = YES_AGGRESSIVE;
				GCC_WARN_UNUSED_FUNCTION = YES;
				GCC_WARN_UNUSED_VARIABLE = YES;
				IPHONEOS_DEPLOYMENT_TARGET = 17.5;
				LOCALIZATION_PREFERS_STRING_CATALOGS = YES;
				MTL_ENABLE_DEBUG_INFO = NO;
				MTL_FAST_MATH = YES;
				SDKROOT = iphoneos;
				SWIFT_COMPILATION_MODE = wholemodule;
				VALIDATE_PRODUCT = YES;
			};
			name = Release;
		};
		311A577C2C86D94D0040AA9A /* Debug */ = {
			isa = XCBuildConfiguration;
			buildSettings = {
				ASSETCATALOG_COMPILER_APPICON_NAME = AppIcon;
				ASSETCATALOG_COMPILER_GLOBAL_ACCENT_COLOR_NAME = AccentColor;
				CODE_SIGN_STYLE = Automatic;
				CURRENT_PROJECT_VERSION = 1;
				DEVELOPMENT_ASSET_PATHS = "\"Stubet/Preview Content\"";
				DEVELOPMENT_TEAM = 265P8798N4;
				ENABLE_PREVIEWS = YES;
				GENERATE_INFOPLIST_FILE = YES;
				INFOPLIST_KEY_UIApplicationSceneManifest_Generation = YES;
				INFOPLIST_KEY_UIApplicationSupportsIndirectInputEvents = YES;
				INFOPLIST_KEY_UILaunchScreen_Generation = YES;
				INFOPLIST_KEY_UISupportedInterfaceOrientations_iPad = "UIInterfaceOrientationPortrait UIInterfaceOrientationPortraitUpsideDown UIInterfaceOrientationLandscapeLeft UIInterfaceOrientationLandscapeRight";
				INFOPLIST_KEY_UISupportedInterfaceOrientations_iPhone = "UIInterfaceOrientationPortrait UIInterfaceOrientationLandscapeLeft UIInterfaceOrientationLandscapeRight";
				IPHONEOS_DEPLOYMENT_TARGET = 17.0;
				LD_RUNPATH_SEARCH_PATHS = (
					"$(inherited)",
					"@executable_path/Frameworks",
				);
				MARKETING_VERSION = 1.0;
				PRODUCT_BUNDLE_IDENTIFIER = KojiroTsugaru.Stubet;
				PRODUCT_NAME = "$(TARGET_NAME)";
				SUPPORTED_PLATFORMS = "iphoneos iphonesimulator";
				SUPPORTS_MACCATALYST = NO;
				SUPPORTS_MAC_DESIGNED_FOR_IPHONE_IPAD = NO;
				SUPPORTS_XR_DESIGNED_FOR_IPHONE_IPAD = NO;
				SWIFT_EMIT_LOC_STRINGS = YES;
				SWIFT_VERSION = 5.0;
				TARGETED_DEVICE_FAMILY = 1;
			};
			name = Debug;
		};
		311A577D2C86D94D0040AA9A /* Release */ = {
			isa = XCBuildConfiguration;
			buildSettings = {
				ASSETCATALOG_COMPILER_APPICON_NAME = AppIcon;
				ASSETCATALOG_COMPILER_GLOBAL_ACCENT_COLOR_NAME = AccentColor;
				CODE_SIGN_STYLE = Automatic;
				CURRENT_PROJECT_VERSION = 1;
				DEVELOPMENT_ASSET_PATHS = "\"Stubet/Preview Content\"";
				DEVELOPMENT_TEAM = 265P8798N4;
				ENABLE_PREVIEWS = YES;
				GENERATE_INFOPLIST_FILE = YES;
				INFOPLIST_KEY_UIApplicationSceneManifest_Generation = YES;
				INFOPLIST_KEY_UIApplicationSupportsIndirectInputEvents = YES;
				INFOPLIST_KEY_UILaunchScreen_Generation = YES;
				INFOPLIST_KEY_UISupportedInterfaceOrientations_iPad = "UIInterfaceOrientationPortrait UIInterfaceOrientationPortraitUpsideDown UIInterfaceOrientationLandscapeLeft UIInterfaceOrientationLandscapeRight";
				INFOPLIST_KEY_UISupportedInterfaceOrientations_iPhone = "UIInterfaceOrientationPortrait UIInterfaceOrientationLandscapeLeft UIInterfaceOrientationLandscapeRight";
				IPHONEOS_DEPLOYMENT_TARGET = 17.0;
				LD_RUNPATH_SEARCH_PATHS = (
					"$(inherited)",
					"@executable_path/Frameworks",
				);
				MARKETING_VERSION = 1.0;
				PRODUCT_BUNDLE_IDENTIFIER = KojiroTsugaru.Stubet;
				PRODUCT_NAME = "$(TARGET_NAME)";
				SUPPORTED_PLATFORMS = "iphoneos iphonesimulator";
				SUPPORTS_MACCATALYST = NO;
				SUPPORTS_MAC_DESIGNED_FOR_IPHONE_IPAD = NO;
				SUPPORTS_XR_DESIGNED_FOR_IPHONE_IPAD = NO;
				SWIFT_EMIT_LOC_STRINGS = YES;
				SWIFT_VERSION = 5.0;
				TARGETED_DEVICE_FAMILY = 1;
			};
			name = Release;
		};
		311A577F2C86D94D0040AA9A /* Debug */ = {
			isa = XCBuildConfiguration;
			buildSettings = {
				ALWAYS_EMBED_SWIFT_STANDARD_LIBRARIES = YES;
				BUNDLE_LOADER = "$(TEST_HOST)";
				CODE_SIGN_STYLE = Automatic;
				CURRENT_PROJECT_VERSION = 1;
				DEVELOPMENT_TEAM = 265P8798N4;
				GENERATE_INFOPLIST_FILE = YES;
				IPHONEOS_DEPLOYMENT_TARGET = 17.5;
				MARKETING_VERSION = 1.0;
				PRODUCT_BUNDLE_IDENTIFIER = KojiroTsugaru.StubetTests;
				PRODUCT_NAME = "$(TARGET_NAME)";
				SWIFT_EMIT_LOC_STRINGS = NO;
				SWIFT_VERSION = 5.0;
				TARGETED_DEVICE_FAMILY = "1,2";
				TEST_HOST = "$(BUILT_PRODUCTS_DIR)/Stubet.app/$(BUNDLE_EXECUTABLE_FOLDER_PATH)/Stubet";
			};
			name = Debug;
		};
		311A57802C86D94D0040AA9A /* Release */ = {
			isa = XCBuildConfiguration;
			buildSettings = {
				ALWAYS_EMBED_SWIFT_STANDARD_LIBRARIES = YES;
				BUNDLE_LOADER = "$(TEST_HOST)";
				CODE_SIGN_STYLE = Automatic;
				CURRENT_PROJECT_VERSION = 1;
				DEVELOPMENT_TEAM = 265P8798N4;
				GENERATE_INFOPLIST_FILE = YES;
				IPHONEOS_DEPLOYMENT_TARGET = 17.5;
				MARKETING_VERSION = 1.0;
				PRODUCT_BUNDLE_IDENTIFIER = KojiroTsugaru.StubetTests;
				PRODUCT_NAME = "$(TARGET_NAME)";
				SWIFT_EMIT_LOC_STRINGS = NO;
				SWIFT_VERSION = 5.0;
				TARGETED_DEVICE_FAMILY = "1,2";
				TEST_HOST = "$(BUILT_PRODUCTS_DIR)/Stubet.app/$(BUNDLE_EXECUTABLE_FOLDER_PATH)/Stubet";
			};
			name = Release;
		};
		311A57822C86D94D0040AA9A /* Debug */ = {
			isa = XCBuildConfiguration;
			buildSettings = {
				ALWAYS_EMBED_SWIFT_STANDARD_LIBRARIES = YES;
				CODE_SIGN_STYLE = Automatic;
				CURRENT_PROJECT_VERSION = 1;
				DEVELOPMENT_TEAM = 265P8798N4;
				GENERATE_INFOPLIST_FILE = YES;
				MARKETING_VERSION = 1.0;
				PRODUCT_BUNDLE_IDENTIFIER = KojiroTsugaru.StubetUITests;
				PRODUCT_NAME = "$(TARGET_NAME)";
				SWIFT_EMIT_LOC_STRINGS = NO;
				SWIFT_VERSION = 5.0;
				TARGETED_DEVICE_FAMILY = "1,2";
				TEST_TARGET_NAME = Stubet;
			};
			name = Debug;
		};
		311A57832C86D94D0040AA9A /* Release */ = {
			isa = XCBuildConfiguration;
			buildSettings = {
				ALWAYS_EMBED_SWIFT_STANDARD_LIBRARIES = YES;
				CODE_SIGN_STYLE = Automatic;
				CURRENT_PROJECT_VERSION = 1;
				DEVELOPMENT_TEAM = 265P8798N4;
				GENERATE_INFOPLIST_FILE = YES;
				MARKETING_VERSION = 1.0;
				PRODUCT_BUNDLE_IDENTIFIER = KojiroTsugaru.StubetUITests;
				PRODUCT_NAME = "$(TARGET_NAME)";
				SWIFT_EMIT_LOC_STRINGS = NO;
				SWIFT_VERSION = 5.0;
				TARGETED_DEVICE_FAMILY = "1,2";
				TEST_TARGET_NAME = Stubet;
			};
			name = Release;
		};
/* End XCBuildConfiguration section */

/* Begin XCConfigurationList section */
		311A574D2C86D94A0040AA9A /* Build configuration list for PBXProject "Stubet" */ = {
			isa = XCConfigurationList;
			buildConfigurations = (
				311A57792C86D94D0040AA9A /* Debug */,
				311A577A2C86D94D0040AA9A /* Release */,
			);
			defaultConfigurationIsVisible = 0;
			defaultConfigurationName = Release;
		};
		311A577B2C86D94D0040AA9A /* Build configuration list for PBXNativeTarget "Stubet" */ = {
			isa = XCConfigurationList;
			buildConfigurations = (
				311A577C2C86D94D0040AA9A /* Debug */,
				311A577D2C86D94D0040AA9A /* Release */,
			);
			defaultConfigurationIsVisible = 0;
			defaultConfigurationName = Release;
		};
		311A577E2C86D94D0040AA9A /* Build configuration list for PBXNativeTarget "StubetTests" */ = {
			isa = XCConfigurationList;
			buildConfigurations = (
				311A577F2C86D94D0040AA9A /* Debug */,
				311A57802C86D94D0040AA9A /* Release */,
			);
			defaultConfigurationIsVisible = 0;
			defaultConfigurationName = Release;
		};
		311A57812C86D94D0040AA9A /* Build configuration list for PBXNativeTarget "StubetUITests" */ = {
			isa = XCConfigurationList;
			buildConfigurations = (
				311A57822C86D94D0040AA9A /* Debug */,
				311A57832C86D94D0040AA9A /* Release */,
			);
			defaultConfigurationIsVisible = 0;
			defaultConfigurationName = Release;
		};
/* End XCConfigurationList section */

/* Begin XCRemoteSwiftPackageReference section */
		317581022C8731D400DD5B13 /* XCRemoteSwiftPackageReference "firebase-ios-sdk" */ = {
			isa = XCRemoteSwiftPackageReference;
			repositoryURL = "https://github.com/firebase/firebase-ios-sdk";
			requirement = {
				kind = upToNextMajorVersion;
				minimumVersion = 11.1.0;
			};
		};
/* End XCRemoteSwiftPackageReference section */

/* Begin XCSwiftPackageProductDependency section */
		317581032C8737DA00DD5B13 /* FirebaseAnalytics */ = {
			isa = XCSwiftPackageProductDependency;
			package = 317581022C8731D400DD5B13 /* XCRemoteSwiftPackageReference "firebase-ios-sdk" */;
			productName = FirebaseAnalytics;
		};
		317581052C8739A700DD5B13 /* FirebaseAuth */ = {
			isa = XCSwiftPackageProductDependency;
			package = 317581022C8731D400DD5B13 /* XCRemoteSwiftPackageReference "firebase-ios-sdk" */;
			productName = FirebaseAuth;
		};
		317581072C8739A700DD5B13 /* FirebaseFirestore */ = {
			isa = XCSwiftPackageProductDependency;
			package = 317581022C8731D400DD5B13 /* XCRemoteSwiftPackageReference "firebase-ios-sdk" */;
			productName = FirebaseFirestore;
		};
/* End XCSwiftPackageProductDependency section */

/* Begin XCVersionGroup section */
		311A57602C86D94D0040AA9A /* Stubet.xcdatamodeld */ = {
			isa = XCVersionGroup;
			children = (
				311A57612C86D94D0040AA9A /* Stubet.xcdatamodel */,
			);
			currentVersion = 311A57612C86D94D0040AA9A /* Stubet.xcdatamodel */;
			path = Stubet.xcdatamodeld;
			sourceTree = "<group>";
			versionGroupType = wrapper.xcdatamodel;
		};
/* End XCVersionGroup section */
	};
	rootObject = 311A574A2C86D94A0040AA9A /* Project object */;
}
